
Microsoft Visual Studio Solution File, Format Version 12.00
# Visual Studio Version 16
VisualStudioVersion = 16.0.31624.102
MinimumVisualStudioVersion = 10.0.40219.1
Project("{FAE04EC0-301F-11D3-BF4B-00C04F79EFBC}") = "PracaMagisterska", "PracaMagisterska\PracaMagisterska.csproj", "{8502F7CF-6757-48CC-9C1E-C8BACA584989}"
EndProject
Global
	GlobalSection(SolutionConfigurationPlatforms) = preSolution
		Debug|Any CPU = Debug|Any CPU
		Release|Any CPU = Release|Any CPU
	EndGlobalSection
	GlobalSection(ProjectConfigurationPlatforms) = postSolution
		{8502F7CF-6757-48CC-9C1E-C8BACA584989}.Debug|Any CPU.ActiveCfg = Debug|Any CPU
		{8502F7CF-6757-48CC-9C1E-C8BACA584989}.Debug|Any CPU.Build.0 = Debug|Any CPU
		{8502F7CF-6757-48CC-9C1E-C8BACA584989}.Release|Any CPU.ActiveCfg = Release|Any CPU
		{8502F7CF-6757-48CC-9C1E-C8BACA584989}.Release|Any CPU.Build.0 = Release|Any CPU
	EndGlobalSection
	GlobalSection(SolutionProperties) = preSolution
		HideSolutionNode = FALSE
	EndGlobalSection
	GlobalSection(ExtensibilityGlobals) = postSolution
		SolutionGuid = {FBB890F8-D332-4B27-9E4B-A41484B0F36A}
	EndGlobalSection
EndGlobal
